
Microsoft Visual Studio Solution File, Format Version 12.00
# Visual Studio Version 16
VisualStudioVersion = 16.0.30523.141
MinimumVisualStudioVersion = 10.0.40219.1
Project("{8BC9CEB8-8B4A-11D0-8D11-00A0C91BC942}") = "exo1", "Td\Td.vcxproj", "{0DDA1448-B3FE-43DB-9F20-C055FA426E26}"
EndProject
Project("{8BC9CEB8-8B4A-11D0-8D11-00A0C91BC942}") = "Exo2", "Exo2\Exo2.vcxproj", "{C2137AF4-F0E8-4F86-B889-35266C69A922}"
EndProject
Project("{8BC9CEB8-8B4A-11D0-8D11-00A0C91BC942}") = "exo3", "exo3\exo3.vcxproj", "{F67F0E5D-A262-4B3C-AC37-77138029C423}"
EndProject
Project("{8BC9CEB8-8B4A-11D0-8D11-00A0C91BC942}") = "exo4", "exo4\exo4.vcxproj", "{884C1714-43C7-4D33-8C4D-D01070C4ADF3}"
EndProject
Global
	GlobalSection(SolutionConfigurationPlatforms) = preSolution
		Debug|x64 = Debug|x64
		Debug|x86 = Debug|x86
		Release|x64 = Release|x64
		Release|x86 = Release|x86
	EndGlobalSection
	GlobalSection(ProjectConfigurationPlatforms) = postSolution
		{0DDA1448-B3FE-43DB-9F20-C055FA426E26}.Debug|x64.ActiveCfg = Debug|x64
		{0DDA1448-B3FE-43DB-9F20-C055FA426E26}.Debug|x64.Build.0 = Debug|x64
		{0DDA1448-B3FE-43DB-9F20-C055FA426E26}.Debug|x86.ActiveCfg = Debug|Win32
		{0DDA1448-B3FE-43DB-9F20-C055FA426E26}.Debug|x86.Build.0 = Debug|Win32
		{0DDA1448-B3FE-43DB-9F20-C055FA426E26}.Release|x64.ActiveCfg = Release|x64
		{0DDA1448-B3FE-43DB-9F20-C055FA426E26}.Release|x64.Build.0 = Release|x64
		{0DDA1448-B3FE-43DB-9F20-C055FA426E26}.Release|x86.ActiveCfg = Release|Win32
		{0DDA1448-B3FE-43DB-9F20-C055FA426E26}.Release|x86.Build.0 = Release|Win32
		{C2137AF4-F0E8-4F86-B889-35266C69A922}.Debug|x64.ActiveCfg = Debug|x64
		{C2137AF4-F0E8-4F86-B889-35266C69A922}.Debug|x64.Build.0 = Debug|x64
		{C2137AF4-F0E8-4F86-B889-35266C69A922}.Debug|x86.ActiveCfg = Debug|Win32
		{C2137AF4-F0E8-4F86-B889-35266C69A922}.Debug|x86.Build.0 = Debug|Win32
		{C2137AF4-F0E8-4F86-B889-35266C69A922}.Release|x64.ActiveCfg = Release|x64
		{C2137AF4-F0E8-4F86-B889-35266C69A922}.Release|x64.Build.0 = Release|x64
		{C2137AF4-F0E8-4F86-B889-35266C69A922}.Release|x86.ActiveCfg = Release|Win32
		{C2137AF4-F0E8-4F86-B889-35266C69A922}.Release|x86.Build.0 = Release|Win32
		{F67F0E5D-A262-4B3C-AC37-77138029C423}.Debug|x64.ActiveCfg = Debug|x64
		{F67F0E5D-A262-4B3C-AC37-77138029C423}.Debug|x64.Build.0 = Debug|x64
		{F67F0E5D-A262-4B3C-AC37-77138029C423}.Debug|x86.ActiveCfg = Debug|Win32
		{F67F0E5D-A262-4B3C-AC37-77138029C423}.Debug|x86.Build.0 = Debug|Win32
		{F67F0E5D-A262-4B3C-AC37-77138029C423}.Release|x64.ActiveCfg = Release|x64
		{F67F0E5D-A262-4B3C-AC37-77138029C423}.Release|x64.Build.0 = Release|x64
		{F67F0E5D-A262-4B3C-AC37-77138029C423}.Release|x86.ActiveCfg = Release|Win32
		{F67F0E5D-A262-4B3C-AC37-77138029C423}.Release|x86.Build.0 = Release|Win32
		{884C1714-43C7-4D33-8C4D-D01070C4ADF3}.Debug|x64.ActiveCfg = Debug|x64
		{884C1714-43C7-4D33-8C4D-D01070C4ADF3}.Debug|x64.Build.0 = Debug|x64
		{884C1714-43C7-4D33-8C4D-D01070C4ADF3}.Debug|x86.ActiveCfg = Debug|Win32
		{884C1714-43C7-4D33-8C4D-D01070C4ADF3}.Debug|x86.Build.0 = Debug|Win32
		{884C1714-43C7-4D33-8C4D-D01070C4ADF3}.Release|x64.ActiveCfg = Release|x64
		{884C1714-43C7-4D33-8C4D-D01070C4ADF3}.Release|x64.Build.0 = Release|x64
		{884C1714-43C7-4D33-8C4D-D01070C4ADF3}.Release|x86.ActiveCfg = Release|Win32
		{884C1714-43C7-4D33-8C4D-D01070C4ADF3}.Release|x86.Build.0 = Release|Win32
	EndGlobalSection
	GlobalSection(SolutionProperties) = preSolution
		HideSolutionNode = FALSE
	EndGlobalSection
	GlobalSection(ExtensibilityGlobals) = postSolution
		SolutionGuid = {F3FB60E1-F01B-48E3-931D-2BAEEA9865ED}
	EndGlobalSection
EndGlobal
